{
  "requires": true,
  "lockfileVersion": 1,
  "dependencies": {
    "@floating-ui/core": {
      "version": "1.5.3",
      "resolved": "https://registry.npmjs.org/@floating-ui/core/-/core-1.5.3.tgz",
      "integrity": "sha512-O0WKDOo0yhJuugCx6trZQj5jVJ9yR0ystG2JaNAemYUWce+pmM6WUEFIibnWyEJKdrDxhm75NoSRME35FNaM/Q==",
      "requires": {
        "@floating-ui/utils": "^0.2.0"
      }
    },
    "@floating-ui/dom": {
      "version": "1.5.4",
      "resolved": "https://registry.npmjs.org/@floating-ui/dom/-/dom-1.5.4.tgz",
      "integrity": "sha512-jByEsHIY+eEdCjnTVu+E3ephzTOzkQ8hgUfGwos+bg7NlH33Zc5uO+QHz1mrQUOgIKKDD1RtS201P9NvAfq3XQ==",
      "requires": {
        "@floating-ui/core": "^1.5.3",
        "@floating-ui/utils": "^0.2.0"
      }
    },
    "@floating-ui/utils": {
      "version": "0.2.1",
      "resolved": "https://registry.npmjs.org/@floating-ui/utils/-/utils-0.2.1.tgz",
      "integrity": "sha512-9TANp6GPoMtYzQdt54kfAyMmz1+osLlXdg2ENroU7zzrtflTLrrC/lgrIfaSe+Wu0b89GKccT7vxXA0MoAIO+Q=="
    },
    "bootstrap": {
      "version": "5.3.2",
      "resolved": "https://registry.npmjs.org/bootstrap/-/bootstrap-5.3.2.tgz",
      "integrity": "sha512-D32nmNWiQHo94BKHLmOrdjlL05q1c8oxbtBphQFb9Z5to6eGRDCm0QgeaZ4zFBHzfg2++rqa2JkqCcxDy0sH0g=="
    }
  }
}
